// !$*UTF8*$!
{
	archiveVersion = 1;
	classes = {
	};
	objectVersion = 48;
	objects = {

/* Begin PBXBuildFile section */
		2C703F631FB927130075C78A /* main.c in Sources */ = {isa = PBXBuildFile; fileRef = 2C703F621FB927130075C78A /* main.c */; };
		2CB5BBC81FB4AF18003BD548 /* main.c in Sources */ = {isa = PBXBuildFile; fileRef = 2CB5BBC71FB4AF18003BD548 /* main.c */; };
		2CB5BBD51FB4AF47003BD548 /* main.c in Sources */ = {isa = PBXBuildFile; fileRef = 2CB5BBD41FB4AF47003BD548 /* main.c */; };
		2CB5BBE01FB4AFAB003BD548 /* main.c in Sources */ = {isa = PBXBuildFile; fileRef = 2CB5BBDF1FB4AFAB003BD548 /* main.c */; };
		2CB5BBEB1FB4B020003BD548 /* main.c in Sources */ = {isa = PBXBuildFile; fileRef = 2CB5BBEA1FB4B020003BD548 /* main.c */; };
		2CF3D84A1FCB9F0D000B9D98 /* main.c in Sources */ = {isa = PBXBuildFile; fileRef = 2CF3D8491FCB9F0D000B9D98 /* main.c */; };
/* End PBXBuildFile section */

/* Begin PBXCopyFilesBuildPhase section */
		2C703F5E1FB927130075C78A /* CopyFiles */ = {
			isa = PBXCopyFilesBuildPhase;
			buildActionMask = 2147483647;
			dstPath = /usr/share/man/man1/;
			dstSubfolderSpec = 0;
			files = (
			);
			runOnlyForDeploymentPostprocessing = 1;
		};
		2CB5BBC21FB4AF18003BD548 /* CopyFiles */ = {
			isa = PBXCopyFilesBuildPhase;
			buildActionMask = 2147483647;
			dstPath = /usr/share/man/man1/;
			dstSubfolderSpec = 0;
			files = (
			);
			runOnlyForDeploymentPostprocessing = 1;
		};
		2CB5BBD01FB4AF47003BD548 /* CopyFiles */ = {
			isa = PBXCopyFilesBuildPhase;
			buildActionMask = 2147483647;
			dstPath = /usr/share/man/man1/;
			dstSubfolderSpec = 0;
			files = (
			);
			runOnlyForDeploymentPostprocessing = 1;
		};
		2CB5BBDB1FB4AFAB003BD548 /* CopyFiles */ = {
			isa = PBXCopyFilesBuildPhase;
			buildActionMask = 2147483647;
			dstPath = /usr/share/man/man1/;
			dstSubfolderSpec = 0;
			files = (
			);
			runOnlyForDeploymentPostprocessing = 1;
		};
		2CB5BBE61FB4B020003BD548 /* CopyFiles */ = {
			isa = PBXCopyFilesBuildPhase;
			buildActionMask = 2147483647;
			dstPath = /usr/share/man/man1/;
			dstSubfolderSpec = 0;
			files = (
			);
			runOnlyForDeploymentPostprocessing = 1;
		};
		2CF3D8451FCB9F0D000B9D98 /* CopyFiles */ = {
			isa = PBXCopyFilesBuildPhase;
			buildActionMask = 2147483647;
			dstPath = /usr/share/man/man1/;
			dstSubfolderSpec = 0;
			files = (
			);
			runOnlyForDeploymentPostprocessing = 1;
		};
/* End PBXCopyFilesBuildPhase section */

/* Begin PBXFileReference section */
		2C703F601FB927130075C78A /* DenominatorSum */ = {isa = PBXFileReference; explicitFileType = "compiled.mach-o.executable"; includeInIndex = 0; path = DenominatorSum; sourceTree = BUILT_PRODUCTS_DIR; };
		2C703F621FB927130075C78A /* main.c */ = {isa = PBXFileReference; lastKnownFileType = sourcecode.c.c; path = main.c; sourceTree = "<group>"; };
		2CB5BBC41FB4AF18003BD548 /* C_File */ = {isa = PBXFileReference; explicitFileType = "compiled.mach-o.executable"; includeInIndex = 0; path = C_File; sourceTree = BUILT_PRODUCTS_DIR; };
		2CB5BBC71FB4AF18003BD548 /* main.c */ = {isa = PBXFileReference; lastKnownFileType = sourcecode.c.c; path = main.c; sourceTree = "<group>"; };
		2CB5BBD21FB4AF47003BD548 /* Score */ = {isa = PBXFileReference; explicitFileType = "compiled.mach-o.executable"; includeInIndex = 0; path = Score; sourceTree = BUILT_PRODUCTS_DIR; };
		2CB5BBD41FB4AF47003BD548 /* main.c */ = {isa = PBXFileReference; lastKnownFileType = sourcecode.c.c; path = main.c; sourceTree = "<group>"; };
		2CB5BBDD1FB4AFAB003BD548 /* Year */ = {isa = PBXFileReference; explicitFileType = "compiled.mach-o.executable"; includeInIndex = 0; path = Year; sourceTree = BUILT_PRODUCTS_DIR; };
		2CB5BBDF1FB4AFAB003BD548 /* main.c */ = {isa = PBXFileReference; lastKnownFileType = sourcecode.c.c; path = main.c; sourceTree = "<group>"; };
		2CB5BBE81FB4B020003BD548 /* C_Basics */ = {isa = PBXFileReference; explicitFileType = "compiled.mach-o.executable"; includeInIndex = 0; path = C_Basics; sourceTree = BUILT_PRODUCTS_DIR; };
		2CB5BBEA1FB4B020003BD548 /* main.c */ = {isa = PBXFileReference; lastKnownFileType = sourcecode.c.c; path = main.c; sourceTree = "<group>"; };
		2CF3D8471FCB9F0D000B9D98 /* BubbleSort */ = {isa = PBXFileReference; explicitFileType = "compiled.mach-o.executable"; includeInIndex = 0; path = BubbleSort; sourceTree = BUILT_PRODUCTS_DIR; };
		2CF3D8491FCB9F0D000B9D98 /* main.c */ = {isa = PBXFileReference; lastKnownFileType = sourcecode.c.c; path = main.c; sourceTree = "<group>"; };
/* End PBXFileReference section */

/* Begin PBXFrameworksBuildPhase section */
		2C703F5D1FB927130075C78A /* Frameworks */ = {
			isa = PBXFrameworksBuildPhase;
			buildActionMask = 2147483647;
			files = (
			);
			runOnlyForDeploymentPostprocessing = 0;
		};
		2CB5BBC11FB4AF18003BD548 /* Frameworks */ = {
			isa = PBXFrameworksBuildPhase;
			buildActionMask = 2147483647;
			files = (
			);
			runOnlyForDeploymentPostprocessing = 0;
		};
		2CB5BBCF1FB4AF47003BD548 /* Frameworks */ = {
			isa = PBXFrameworksBuildPhase;
			buildActionMask = 2147483647;
			files = (
			);
			runOnlyForDeploymentPostprocessing = 0;
		};
		2CB5BBDA1FB4AFAB003BD548 /* Frameworks */ = {
			isa = PBXFrameworksBuildPhase;
			buildActionMask = 2147483647;
			files = (
			);
			runOnlyForDeploymentPostprocessing = 0;
		};
		2CB5BBE51FB4B020003BD548 /* Frameworks */ = {
			isa = PBXFrameworksBuildPhase;
			buildActionMask = 2147483647;
			files = (
			);
			runOnlyForDeploymentPostprocessing = 0;
		};
		2CF3D8441FCB9F0D000B9D98 /* Frameworks */ = {
			isa = PBXFrameworksBuildPhase;
			buildActionMask = 2147483647;
			files = (
			);
			runOnlyForDeploymentPostprocessing = 0;
		};
/* End PBXFrameworksBuildPhase section */

/* Begin PBXGroup section */
		2C703F611FB927130075C78A /* DenominatorSum */ = {
			isa = PBXGroup;
			children = (
				2C703F621FB927130075C78A /* main.c */,
			);
			path = DenominatorSum;
			sourceTree = "<group>";
		};
		2CB5BBBB1FB4AF18003BD548 = {
			isa = PBXGroup;
			children = (
				2CB5BBC61FB4AF18003BD548 /* C_File */,
				2CB5BBD31FB4AF47003BD548 /* Score */,
				2CB5BBDE1FB4AFAB003BD548 /* Year */,
				2CB5BBE91FB4B020003BD548 /* C_Basics */,
				2C703F611FB927130075C78A /* DenominatorSum */,
				2CF3D8481FCB9F0D000B9D98 /* BubbleSort */,
				2CB5BBC51FB4AF18003BD548 /* Products */,
			);
			sourceTree = "<group>";
		};
		2CB5BBC51FB4AF18003BD548 /* Products */ = {
			isa = PBXGroup;
			children = (
				2CB5BBC41FB4AF18003BD548 /* C_File */,
				2CB5BBD21FB4AF47003BD548 /* Score */,
				2CB5BBDD1FB4AFAB003BD548 /* Year */,
				2CB5BBE81FB4B020003BD548 /* C_Basics */,
				2C703F601FB927130075C78A /* DenominatorSum */,
				2CF3D8471FCB9F0D000B9D98 /* BubbleSort */,
			);
			name = Products;
			sourceTree = "<group>";
		};
		2CB5BBC61FB4AF18003BD548 /* C_File */ = {
			isa = PBXGroup;
			children = (
				2CB5BBC71FB4AF18003BD548 /* main.c */,
			);
			path = C_File;
			sourceTree = "<group>";
		};
		2CB5BBD31FB4AF47003BD548 /* Score */ = {
			isa = PBXGroup;
			children = (
				2CB5BBD41FB4AF47003BD548 /* main.c */,
			);
			path = Score;
			sourceTree = "<group>";
		};
		2CB5BBDE1FB4AFAB003BD548 /* Year */ = {
			isa = PBXGroup;
			children = (
				2CB5BBDF1FB4AFAB003BD548 /* main.c */,
			);
			path = Year;
			sourceTree = "<group>";
		};
		2CB5BBE91FB4B020003BD548 /* C_Basics */ = {
			isa = PBXGroup;
			children = (
				2CB5BBEA1FB4B020003BD548 /* main.c */,
			);
			path = C_Basics;
			sourceTree = "<group>";
		};
		2CF3D8481FCB9F0D000B9D98 /* BubbleSort */ = {
			isa = PBXGroup;
			children = (
				2CF3D8491FCB9F0D000B9D98 /* main.c */,
			);
			path = BubbleSort;
			sourceTree = "<group>";
		};
/* End PBXGroup section */

/* Begin PBXNativeTarget section */
		2C703F5F1FB927130075C78A /* DenominatorSum */ = {
			isa = PBXNativeTarget;
			buildConfigurationList = 2C703F641FB927130075C78A /* Build configuration list for PBXNativeTarget "DenominatorSum" */;
			buildPhases = (
				2C703F5C1FB927130075C78A /* Sources */,
				2C703F5D1FB927130075C78A /* Frameworks */,
				2C703F5E1FB927130075C78A /* CopyFiles */,
			);
			buildRules = (
			);
			dependencies = (
			);
			name = DenominatorSum;
			productName = DenominatorSum;
			productReference = 2C703F601FB927130075C78A /* DenominatorSum */;
			productType = "com.apple.product-type.tool";
		};
		2CB5BBC31FB4AF18003BD548 /* C_File */ = {
			isa = PBXNativeTarget;
			buildConfigurationList = 2CB5BBCB1FB4AF18003BD548 /* Build configuration list for PBXNativeTarget "C_File" */;
			buildPhases = (
				2CB5BBC01FB4AF18003BD548 /* Sources */,
				2CB5BBC11FB4AF18003BD548 /* Frameworks */,
				2CB5BBC21FB4AF18003BD548 /* CopyFiles */,
			);
			buildRules = (
			);
			dependencies = (
			);
			name = C_File;
			productName = C_File;
			productReference = 2CB5BBC41FB4AF18003BD548 /* C_File */;
			productType = "com.apple.product-type.tool";
		};
		2CB5BBD11FB4AF47003BD548 /* Score */ = {
			isa = PBXNativeTarget;
			buildConfigurationList = 2CB5BBD61FB4AF47003BD548 /* Build configuration list for PBXNativeTarget "Score" */;
			buildPhases = (
				2CB5BBCE1FB4AF47003BD548 /* Sources */,
				2CB5BBCF1FB4AF47003BD548 /* Frameworks */,
				2CB5BBD01FB4AF47003BD548 /* CopyFiles */,
			);
			buildRules = (
			);
			dependencies = (
			);
			name = Score;
			productName = Score;
			productReference = 2CB5BBD21FB4AF47003BD548 /* Score */;
			productType = "com.apple.product-type.tool";
		};
		2CB5BBDC1FB4AFAB003BD548 /* Year */ = {
			isa = PBXNativeTarget;
			buildConfigurationList = 2CB5BBE11FB4AFAB003BD548 /* Build configuration list for PBXNativeTarget "Year" */;
			buildPhases = (
				2CB5BBD91FB4AFAB003BD548 /* Sources */,
				2CB5BBDA1FB4AFAB003BD548 /* Frameworks */,
				2CB5BBDB1FB4AFAB003BD548 /* CopyFiles */,
			);
			buildRules = (
			);
			dependencies = (
			);
			name = Year;
			productName = Year;
			productReference = 2CB5BBDD1FB4AFAB003BD548 /* Year */;
			productType = "com.apple.product-type.tool";
		};
		2CB5BBE71FB4B020003BD548 /* C_Basics */ = {
			isa = PBXNativeTarget;
			buildConfigurationList = 2CB5BBEC1FB4B020003BD548 /* Build configuration list for PBXNativeTarget "C_Basics" */;
			buildPhases = (
				2CB5BBE41FB4B020003BD548 /* Sources */,
				2CB5BBE51FB4B020003BD548 /* Frameworks */,
				2CB5BBE61FB4B020003BD548 /* CopyFiles */,
			);
			buildRules = (
			);
			dependencies = (
			);
			name = C_Basics;
			productName = C_Basics;
			productReference = 2CB5BBE81FB4B020003BD548 /* C_Basics */;
			productType = "com.apple.product-type.tool";
		};
		2CF3D8461FCB9F0D000B9D98 /* BubbleSort */ = {
			isa = PBXNativeTarget;
			buildConfigurationList = 2CF3D84B1FCB9F0D000B9D98 /* Build configuration list for PBXNativeTarget "BubbleSort" */;
			buildPhases = (
				2CF3D8431FCB9F0D000B9D98 /* Sources */,
				2CF3D8441FCB9F0D000B9D98 /* Frameworks */,
				2CF3D8451FCB9F0D000B9D98 /* CopyFiles */,
			);
			buildRules = (
			);
			dependencies = (
			);
			name = BubbleSort;
			productName = BubbleSort;
			productReference = 2CF3D8471FCB9F0D000B9D98 /* BubbleSort */;
			productType = "com.apple.product-type.tool";
		};
/* End PBXNativeTarget section */

/* Begin PBXProject section */
		2CB5BBBC1FB4AF18003BD548 /* Project object */ = {
			isa = PBXProject;
			attributes = {
				LastUpgradeCheck = 0900;
				ORGANIZATIONNAME = YY;
				TargetAttributes = {
					2C703F5F1FB927130075C78A = {
						CreatedOnToolsVersion = 9.0;
						ProvisioningStyle = Automatic;
					};
					2CB5BBC31FB4AF18003BD548 = {
						CreatedOnToolsVersion = 9.0;
						ProvisioningStyle = Automatic;
					};
					2CB5BBD11FB4AF47003BD548 = {
						CreatedOnToolsVersion = 9.0;
						ProvisioningStyle = Automatic;
					};
					2CB5BBDC1FB4AFAB003BD548 = {
						CreatedOnToolsVersion = 9.0;
						ProvisioningStyle = Automatic;
					};
					2CB5BBE71FB4B020003BD548 = {
						CreatedOnToolsVersion = 9.0;
						ProvisioningStyle = Automatic;
					};
					2CF3D8461FCB9F0D000B9D98 = {
						CreatedOnToolsVersion = 9.0;
						ProvisioningStyle = Automatic;
					};
				};
			};
			buildConfigurationList = 2CB5BBBF1FB4AF18003BD548 /* Build configuration list for PBXProject "C_File" */;
			compatibilityVersion = "Xcode 8.0";
			developmentRegion = en;
			hasScannedForEncodings = 0;
			knownRegions = (
				en,
			);
			mainGroup = 2CB5BBBB1FB4AF18003BD548;
			productRefGroup = 2CB5BBC51FB4AF18003BD548 /* Products */;
			projectDirPath = "";
			projectRoot = "";
			targets = (
				2CB5BBC31FB4AF18003BD548 /* C_File */,
				2CB5BBD11FB4AF47003BD548 /* Score */,
				2CB5BBDC1FB4AFAB003BD548 /* Year */,
				2CB5BBE71FB4B020003BD548 /* C_Basics */,
				2C703F5F1FB927130075C78A /* DenominatorSum */,
				2CF3D8461FCB9F0D000B9D98 /* BubbleSort */,
			);
		};
/* End PBXProject section */

/* Begin PBXSourcesBuildPhase section */
		2C703F5C1FB927130075C78A /* Sources */ = {
			isa = PBXSourcesBuildPhase;
			buildActionMask = 2147483647;
			files = (
				2C703F631FB927130075C78A /* main.c in Sources */,
			);
			runOnlyForDeploymentPostprocessing = 0;
		};
		2CB5BBC01FB4AF18003BD548 /* Sources */ = {
			isa = PBXSourcesBuildPhase;
			buildActionMask = 2147483647;
			files = (
				2CB5BBC81FB4AF18003BD548 /* main.c in Sources */,
			);
			runOnlyForDeploymentPostprocessing = 0;
		};
		2CB5BBCE1FB4AF47003BD548 /* Sources */ = {
			isa = PBXSourcesBuildPhase;
			buildActionMask = 2147483647;
			files = (
				2CB5BBD51FB4AF47003BD548 /* main.c in Sources */,
			);
			runOnlyForDeploymentPostprocessing = 0;
		};
		2CB5BBD91FB4AFAB003BD548 /* Sources */ = {
			isa = PBXSourcesBuildPhase;
			buildActionMask = 2147483647;
			files = (
				2CB5BBE01FB4AFAB003BD548 /* main.c in Sources */,
			);
			runOnlyForDeploymentPostprocessing = 0;
		};
		2CB5BBE41FB4B020003BD548 /* Sources */ = {
			isa = PBXSourcesBuildPhase;
			buildActionMask = 2147483647;
			files = (
				2CB5BBEB1FB4B020003BD548 /* main.c in Sources */,
			);
			runOnlyForDeploymentPostprocessing = 0;
		};
		2CF3D8431FCB9F0D000B9D98 /* Sources */ = {
			isa = PBXSourcesBuildPhase;
			buildActionMask = 2147483647;
			files = (
				2CF3D84A1FCB9F0D000B9D98 /* main.c in Sources */,
			);
			runOnlyForDeploymentPostprocessing = 0;
		};
/* End PBXSourcesBuildPhase section */

/* Begin XCBuildConfiguration section */
		2C703F651FB927130075C78A /* Debug */ = {
			isa = XCBuildConfiguration;
			buildSettings = {
				CODE_SIGN_STYLE = Automatic;
				PRODUCT_NAME = "$(TARGET_NAME)";
			};
			name = Debug;
		};
		2C703F661FB927130075C78A /* Release */ = {
			isa = XCBuildConfiguration;
			buildSettings = {
				CODE_SIGN_STYLE = Automatic;
				PRODUCT_NAME = "$(TARGET_NAME)";
			};
			name = Release;
		};
		2CB5BBC91FB4AF18003BD548 /* Debug */ = {
			isa = XCBuildConfiguration;
			buildSettings = {
				ALWAYS_SEARCH_USER_PATHS = NO;
				CLANG_ANALYZER_NONNULL = YES;
				CLANG_ANALYZER_NUMBER_OBJECT_CONVERSION = YES_AGGRESSIVE;
				CLANG_CXX_LANGUAGE_STANDARD = "gnu++14";
				CLANG_CXX_LIBRARY = "libc++";
				CLANG_ENABLE_MODULES = YES;
				CLANG_ENABLE_OBJC_ARC = YES;
				CLANG_WARN_BLOCK_CAPTURE_AUTORELEASING = YES;
				CLANG_WARN_BOOL_CONVERSION = YES;
				CLANG_WARN_COMMA = YES;
				CLANG_WARN_CONSTANT_CONVERSION = YES;
				CLANG_WARN_DIRECT_OBJC_ISA_USAGE = YES_ERROR;
				CLANG_WARN_DOCUMENTATION_COMMENTS = YES;
				CLANG_WARN_EMPTY_BODY = YES;
				CLANG_WARN_ENUM_CONVERSION = YES;
				CLANG_WARN_INFINITE_RECURSION = YES;
				CLANG_WARN_INT_CONVERSION = YES;
				CLANG_WARN_NON_LITERAL_NULL_CONVERSION = YES;
				CLANG_WARN_OBJC_LITERAL_CONVERSION = YES;
				CLANG_WARN_OBJC_ROOT_CLASS = YES_ERROR;
				CLANG_WARN_RANGE_LOOP_ANALYSIS = YES;
				CLANG_WARN_STRICT_PROTOTYPES = YES;
				CLANG_WARN_SUSPICIOUS_MOVE = YES;
				CLANG_WARN_UNGUARDED_AVAILABILITY = YES_AGGRESSIVE;
				CLANG_WARN_UNREACHABLE_CODE = YES;
				CLANG_WARN__DUPLICATE_METHOD_MATCH = YES;
				CODE_SIGN_IDENTITY = "-";
				COPY_PHASE_STRIP = NO;
				DEBUG_INFORMATION_FORMAT = dwarf;
				ENABLE_STRICT_OBJC_MSGSEND = YES;
				ENABLE_TESTABILITY = YES;
				GCC_C_LANGUAGE_STANDARD = gnu11;
				GCC_DYNAMIC_NO_PIC = NO;
				GCC_NO_COMMON_BLOCKS = YES;
				GCC_OPTIMIZATION_LEVEL = 0;
				GCC_PREPROCESSOR_DEFINITIONS = (
					"DEBUG=1",
					"$(inherited)",
				);
				GCC_WARN_64_TO_32_BIT_CONVERSION = YES;
				GCC_WARN_ABOUT_RETURN_TYPE = YES_ERROR;
				GCC_WARN_UNDECLARED_SELECTOR = YES;
				GCC_WARN_UNINITIALIZED_AUTOS = YES_AGGRESSIVE;
				GCC_WARN_UNUSED_FUNCTION = YES;
				GCC_WARN_UNUSED_VARIABLE = YES;
				MACOSX_DEPLOYMENT_TARGET = 10.12;
				MTL_ENABLE_DEBUG_INFO = YES;
				ONLY_ACTIVE_ARCH = YES;
				SDKROOT = macosx;
			};
			name = Debug;
		};
		2CB5BBCA1FB4AF18003BD548 /* Release */ = {
			isa = XCBuildConfiguration;
			buildSettings = {
				ALWAYS_SEARCH_USER_PATHS = NO;
				CLANG_ANALYZER_NONNULL = YES;
				CLANG_ANALYZER_NUMBER_OBJECT_CONVERSION = YES_AGGRESSIVE;
				CLANG_CXX_LANGUAGE_STANDARD = "gnu++14";
				CLANG_CXX_LIBRARY = "libc++";
				CLANG_ENABLE_MODULES = YES;
				CLANG_ENABLE_OBJC_ARC = YES;
				CLANG_WARN_BLOCK_CAPTURE_AUTORELEASING = YES;
				CLANG_WARN_BOOL_CONVERSION = YES;
				CLANG_WARN_COMMA = YES;
				CLANG_WARN_CONSTANT_CONVERSION = YES;
				CLANG_WARN_DIRECT_OBJC_ISA_USAGE = YES_ERROR;
				CLANG_WARN_DOCUMENTATION_COMMENTS = YES;
				CLANG_WARN_EMPTY_BODY = YES;
				CLANG_WARN_ENUM_CONVERSION = YES;
				CLANG_WARN_INFINITE_RECURSION = YES;
				CLANG_WARN_INT_CONVERSION = YES;
				CLANG_WARN_NON_LITERAL_NULL_CONVERSION = YES;
				CLANG_WARN_OBJC_LITERAL_CONVERSION = YES;
				CLANG_WARN_OBJC_ROOT_CLASS = YES_ERROR;
				CLANG_WARN_RANGE_LOOP_ANALYSIS = YES;
				CLANG_WARN_STRICT_PROTOTYPES = YES;
				CLANG_WARN_SUSPICIOUS_MOVE = YES;
				CLANG_WARN_UNGUARDED_AVAILABILITY = YES_AGGRESSIVE;
				CLANG_WARN_UNREACHABLE_CODE = YES;
				CLANG_WARN__DUPLICATE_METHOD_MATCH = YES;
				CODE_SIGN_IDENTITY = "-";
				COPY_PHASE_STRIP = NO;
				DEBUG_INFORMATION_FORMAT = "dwarf-with-dsym";
				ENABLE_NS_ASSERTIONS = NO;
				ENABLE_STRICT_OBJC_MSGSEND = YES;
				GCC_C_LANGUAGE_STANDARD = gnu11;
				GCC_NO_COMMON_BLOCKS = YES;
				GCC_WARN_64_TO_32_BIT_CONVERSION = YES;
				GCC_WARN_ABOUT_RETURN_TYPE = YES_ERROR;
				GCC_WARN_UNDECLARED_SELECTOR = YES;
				GCC_WARN_UNINITIALIZED_AUTOS = YES_AGGRESSIVE;
				GCC_WARN_UNUSED_FUNCTION = YES;
				GCC_WARN_UNUSED_VARIABLE = YES;
				MACOSX_DEPLOYMENT_TARGET = 10.12;
				MTL_ENABLE_DEBUG_INFO = NO;
				SDKROOT = macosx;
			};
			name = Release;
		};
		2CB5BBCC1FB4AF18003BD548 /* Debug */ = {
			isa = XCBuildConfiguration;
			buildSettings = {
				CODE_SIGN_STYLE = Automatic;
				PRODUCT_NAME = "$(TARGET_NAME)";
			};
			name = Debug;
		};
		2CB5BBCD1FB4AF18003BD548 /* Release */ = {
			isa = XCBuildConfiguration;
			buildSettings = {
				CODE_SIGN_STYLE = Automatic;
				PRODUCT_NAME = "$(TARGET_NAME)";
			};
			name = Release;
		};
		2CB5BBD71FB4AF47003BD548 /* Debug */ = {
			isa = XCBuildConfiguration;
			buildSettings = {
				CODE_SIGN_STYLE = Automatic;
				PRODUCT_NAME = "$(TARGET_NAME)";
			};
			name = Debug;
		};
		2CB5BBD81FB4AF47003BD548 /* Release */ = {
			isa = XCBuildConfiguration;
			buildSettings = {
				CODE_SIGN_STYLE = Automatic;
				PRODUCT_NAME = "$(TARGET_NAME)";
			};
			name = Release;
		};
		2CB5BBE21FB4AFAB003BD548 /* Debug */ = {
			isa = XCBuildConfiguration;
			buildSettings = {
				CODE_SIGN_STYLE = Automatic;
				PRODUCT_NAME = "$(TARGET_NAME)";
			};
			name = Debug;
		};
		2CB5BBE31FB4AFAB003BD548 /* Release */ = {
			isa = XCBuildConfiguration;
			buildSettings = {
				CODE_SIGN_STYLE = Automatic;
				PRODUCT_NAME = "$(TARGET_NAME)";
			};
			name = Release;
		};
		2CB5BBED1FB4B020003BD548 /* Debug */ = {
			isa = XCBuildConfiguration;
			buildSettings = {
				CODE_SIGN_STYLE = Automatic;
				PRODUCT_NAME = "$(TARGET_NAME)";
			};
			name = Debug;
		};
		2CB5BBEE1FB4B020003BD548 /* Release */ = {
			isa = XCBuildConfiguration;
			buildSettings = {
				CODE_SIGN_STYLE = Automatic;
				PRODUCT_NAME = "$(TARGET_NAME)";
			};
			name = Release;
		};
		2CF3D84C1FCB9F0D000B9D98 /* Debug */ = {
			isa = XCBuildConfiguration;
			buildSettings = {
				CODE_SIGN_STYLE = Automatic;
				PRODUCT_NAME = "$(TARGET_NAME)";
			};
			name = Debug;
		};
		2CF3D84D1FCB9F0D000B9D98 /* Release */ = {
			isa = XCBuildConfiguration;
			buildSettings = {
				CODE_SIGN_STYLE = Automatic;
				PRODUCT_NAME = "$(TARGET_NAME)";
			};
			name = Release;
		};
/* End XCBuildConfiguration section */

/* Begin XCConfigurationList section */
		2C703F641FB927130075C78A /* Build configuration list for PBXNativeTarget "DenominatorSum" */ = {
			isa = XCConfigurationList;
			buildConfigurations = (
				2C703F651FB927130075C78A /* Debug */,
				2C703F661FB927130075C78A /* Release */,
			);
			defaultConfigurationIsVisible = 0;
			defaultConfigurationName = Release;
		};
		2CB5BBBF1FB4AF18003BD548 /* Build configuration list for PBXProject "C_File" */ = {
			isa = XCConfigurationList;
			buildConfigurations = (
				2CB5BBC91FB4AF18003BD548 /* Debug */,
				2CB5BBCA1FB4AF18003BD548 /* Release */,
			);
			defaultConfigurationIsVisible = 0;
			defaultConfigurationName = Release;
		};
		2CB5BBCB1FB4AF18003BD548 /* Build configuration list for PBXNativeTarget "C_File" */ = {
			isa = XCConfigurationList;
			buildConfigurations = (
				2CB5BBCC1FB4AF18003BD548 /* Debug */,
				2CB5BBCD1FB4AF18003BD548 /* Release */,
			);
			defaultConfigurationIsVisible = 0;
			defaultConfigurationName = Release;
		};
		2CB5BBD61FB4AF47003BD548 /* Build configuration list for PBXNativeTarget "Score" */ = {
			isa = XCConfigurationList;
			buildConfigurations = (
				2CB5BBD71FB4AF47003BD548 /* Debug */,
				2CB5BBD81FB4AF47003BD548 /* Release */,
			);
			defaultConfigurationIsVisible = 0;
			defaultConfigurationName = Release;
		};
		2CB5BBE11FB4AFAB003BD548 /* Build configuration list for PBXNativeTarget "Year" */ = {
			isa = XCConfigurationList;
			buildConfigurations = (
				2CB5BBE21FB4AFAB003BD548 /* Debug */,
				2CB5BBE31FB4AFAB003BD548 /* Release */,
			);
			defaultConfigurationIsVisible = 0;
			defaultConfigurationName = Release;
		};
		2CB5BBEC1FB4B020003BD548 /* Build configuration list for PBXNativeTarget "C_Basics" */ = {
			isa = XCConfigurationList;
			buildConfigurations = (
				2CB5BBED1FB4B020003BD548 /* Debug */,
				2CB5BBEE1FB4B020003BD548 /* Release */,
			);
			defaultConfigurationIsVisible = 0;
			defaultConfigurationName = Release;
		};
		2CF3D84B1FCB9F0D000B9D98 /* Build configuration list for PBXNativeTarget "BubbleSort" */ = {
			isa = XCConfigurationList;
			buildConfigurations = (
				2CF3D84C1FCB9F0D000B9D98 /* Debug */,
				2CF3D84D1FCB9F0D000B9D98 /* Release */,
			);
			defaultConfigurationIsVisible = 0;
			defaultConfigurationName = Release;
		};
/* End XCConfigurationList section */
	};
	rootObject = 2CB5BBBC1FB4AF18003BD548 /* Project object */;
}
